
Microsoft Visual Studio Solution File, Format Version 12.00
# Visual Studio Version 16
VisualStudioVersion = 16.0.31515.178
MinimumVisualStudioVersion = 10.0.40219.1
Project("{9A19103F-16F7-4668-BE54-9A1E7A4F7556}") = "MySolution.Module", "MySolution.Module\MySolution.Module.csproj", "{9845BE0D-8A05-4FD7-8956-22244A5E67CA}"
EndProject
Project("{9A19103F-16F7-4668-BE54-9A1E7A4F7556}") = "MySolution.Module.Blazor", "MySolution.Module.Blazor\MySolution.Module.Blazor.csproj", "{D2F0F90B-BFA7-48DE-BEF6-3B21F4080781}"
EndProject
Project("{9A19103F-16F7-4668-BE54-9A1E7A4F7556}") = "MySolution.Blazor.Server", "MySolution.Blazor.Server\MySolution.Blazor.Server.csproj", "{72D65064-3A7D-4B8A-8926-C188E477F47C}"
EndProject
Global
	GlobalSection(SolutionConfigurationPlatforms) = preSolution
		Debug|Any CPU = Debug|Any CPU
		Release|Any CPU = Release|Any CPU
	EndGlobalSection
	GlobalSection(ProjectConfigurationPlatforms) = postSolution
		{9845BE0D-8A05-4FD7-8956-22244A5E67CA}.Debug|Any CPU.ActiveCfg = Debug|Any CPU
		{9845BE0D-8A05-4FD7-8956-22244A5E67CA}.Debug|Any CPU.Build.0 = Debug|Any CPU
		{9845BE0D-8A05-4FD7-8956-22244A5E67CA}.Release|Any CPU.ActiveCfg = Release|Any CPU
		{9845BE0D-8A05-4FD7-8956-22244A5E67CA}.Release|Any CPU.Build.0 = Release|Any CPU
		{D2F0F90B-BFA7-48DE-BEF6-3B21F4080781}.Debug|Any CPU.ActiveCfg = Debug|Any CPU
		{D2F0F90B-BFA7-48DE-BEF6-3B21F4080781}.Debug|Any CPU.Build.0 = Debug|Any CPU
		{D2F0F90B-BFA7-48DE-BEF6-3B21F4080781}.Release|Any CPU.ActiveCfg = Release|Any CPU
		{D2F0F90B-BFA7-48DE-BEF6-3B21F4080781}.Release|Any CPU.Build.0 = Release|Any CPU
		{72D65064-3A7D-4B8A-8926-C188E477F47C}.Debug|Any CPU.ActiveCfg = Debug|Any CPU
		{72D65064-3A7D-4B8A-8926-C188E477F47C}.Debug|Any CPU.Build.0 = Debug|Any CPU
		{72D65064-3A7D-4B8A-8926-C188E477F47C}.Release|Any CPU.ActiveCfg = Release|Any CPU
		{72D65064-3A7D-4B8A-8926-C188E477F47C}.Release|Any CPU.Build.0 = Release|Any CPU
	EndGlobalSection
	GlobalSection(SolutionProperties) = preSolution
		HideSolutionNode = FALSE
	EndGlobalSection
	GlobalSection(ExtensibilityGlobals) = postSolution
		SolutionGuid = {60D333C2-E6CB-458D-A9A3-4C4FB570A9EE}
	EndGlobalSection
EndGlobal
