
Microsoft Visual Studio Solution File, Format Version 12.00
# Visual Studio Version 17
VisualStudioVersion = 17.5.33424.131
MinimumVisualStudioVersion = 10.0.40219.1
Project("{9A19103F-16F7-4668-BE54-9A1E7A4F7556}") = "CustomViewItemXPO.Blazor.Server", "CustomViewItemXPO.Blazor.Server\CustomViewItemXPO.Blazor.Server.csproj", "{CF54333D-7743-40D5-99E0-3F3449A9329B}"
EndProject
Project("{9A19103F-16F7-4668-BE54-9A1E7A4F7556}") = "CustomViewItemXPO.Module", "CustomViewItemXPO.Module\CustomViewItemXPO.Module.csproj", "{FCCE5B6B-8F04-4854-843E-B60190133870}"
EndProject

Global
	GlobalSection(SolutionConfigurationPlatforms) = preSolution
		Debug|Any CPU = Debug|Any CPU
		EasyTest|Any CPU = EasyTest|Any CPU
		Release|Any CPU = Release|Any CPU
	EndGlobalSection
	GlobalSection(ProjectConfigurationPlatforms) = postSolution
		{FCCE5B6B-8F04-4854-843E-B60190133870}.Debug|Any CPU.ActiveCfg = Debug|Any CPU
		{FCCE5B6B-8F04-4854-843E-B60190133870}.Debug|Any CPU.Build.0 = Debug|Any CPU
		{FCCE5B6B-8F04-4854-843E-B60190133870}.EasyTest|Any CPU.ActiveCfg = EasyTest|Any CPU
		{FCCE5B6B-8F04-4854-843E-B60190133870}.EasyTest|Any CPU.Build.0 = EasyTest|Any CPU
		{FCCE5B6B-8F04-4854-843E-B60190133870}.Release|Any CPU.ActiveCfg = Release|Any CPU
		{FCCE5B6B-8F04-4854-843E-B60190133870}.Release|Any CPU.Build.0 = Release|Any CPU
		{CF54333D-7743-40D5-99E0-3F3449A9329B}.Debug|Any CPU.ActiveCfg = Debug|Any CPU
		{CF54333D-7743-40D5-99E0-3F3449A9329B}.Debug|Any CPU.Build.0 = Debug|Any CPU
		{CF54333D-7743-40D5-99E0-3F3449A9329B}.EasyTest|Any CPU.ActiveCfg = EasyTest|Any CPU
		{CF54333D-7743-40D5-99E0-3F3449A9329B}.EasyTest|Any CPU.Build.0 = EasyTest|Any CPU
		{CF54333D-7743-40D5-99E0-3F3449A9329B}.Release|Any CPU.ActiveCfg = Release|Any CPU
		{CF54333D-7743-40D5-99E0-3F3449A9329B}.Release|Any CPU.Build.0 = Release|Any CPU
	EndGlobalSection
	GlobalSection(SolutionProperties) = preSolution
		HideSolutionNode = FALSE
	EndGlobalSection
EndGlobal
